{
    "name": "crystalscript",
    "version": "0.3.2",
    "lockfileVersion": 2,
    "requires": true,
    "packages": {
        "": {
            "name": "crystalscript",
            "version": "0.3.2",
            "license": "GPL-3.0-or-later",
            "dependencies": {
                "@stacks/transactions": "^6.1.1"
            },
            "bin": {
                "crystalscript": "src/c2c.js"
            },
            "devDependencies": {
                "jison": "^0.4.18"
            },
            "engines": {
                "node": ">=16.19"
            }
        },
        "node_modules/@noble/hashes": {
            "version": "1.1.5",
            "resolved": "https://registry.npmjs.org/@noble/hashes/-/hashes-1.1.5.tgz",
            "integrity": "sha512-LTMZiiLc+V4v1Yi16TD6aX2gmtKszNye0pQgbaLqkvhIqP7nVsSaJsWloGQjJfJ8offaoP5GtX3yY5swbcJxxQ==",
            "funding": [
                {
                    "type": "individual",
                    "url": "https://paulmillr.com/funding/"
                }
            ]
        },
        "node_modules/@noble/secp256k1": {
            "version": "1.7.1",
            "resolved": "https://registry.npmjs.org/@noble/secp256k1/-/secp256k1-1.7.1.tgz",
            "integrity": "sha512-hOUk6AyBFmqVrv7k5WAw/LpszxVbj9gGN4JRkIX52fdFAj1UA61KXmZDvqVEm+pOyec3+fIeZB02LYa/pWOArw==",
            "funding": [
                {
                    "type": "individual",
                    "url": "https://paulmillr.com/funding/"
                }
            ]
        },
        "node_modules/@stacks/common": {
            "version": "6.0.0",
            "resolved": "https://registry.npmjs.org/@stacks/common/-/common-6.0.0.tgz",
            "integrity": "sha512-tETwccvbYvaZ7u3ZucWNMOIPN97r6IPeZXKIFhLc1KSVaWSGEPTtZcwVp+Rz3mu2XgI2pg37SUrOWXSL7OOkDw==",
            "dependencies": {
                "@types/bn.js": "^5.1.0",
                "@types/node": "^18.0.4"
            }
        },
        "node_modules/@stacks/network": {
            "version": "6.1.1",
            "resolved": "https://registry.npmjs.org/@stacks/network/-/network-6.1.1.tgz",
            "integrity": "sha512-FXOujmszG/NkYKDVDRmPLmfSQJvcSfvucXLOq6SkkTOohxFgQrT7cgAydmEwBWDiEoPsuYPlE0grppcUYIO8rQ==",
            "dependencies": {
                "@stacks/common": "^6.0.0",
                "cross-fetch": "^3.1.5"
            }
        },
        "node_modules/@stacks/transactions": {
            "version": "6.1.1",
            "resolved": "https://registry.npmjs.org/@stacks/transactions/-/transactions-6.1.1.tgz",
            "integrity": "sha512-RyM4Y+UWXpz/seMa9B6MDqpneW+PFdcHIeF36p8X+N1b5yBJardg6LdI7VWn5KG4hKofYttwaVTIjotKYGRIRw==",
            "dependencies": {
                "@noble/hashes": "1.1.5",
                "@noble/secp256k1": "1.7.1",
                "@stacks/common": "^6.0.0",
                "@stacks/network": "^6.1.1",
                "c32check": "^2.0.0",
                "lodash.clonedeep": "^4.5.0"
            }
        },
        "node_modules/@types/bn.js": {
            "version": "5.1.1",
            "resolved": "https://registry.npmjs.org/@types/bn.js/-/bn.js-5.1.1.tgz",
            "integrity": "sha512-qNrYbZqMx0uJAfKnKclPh+dTwK33KfLHYqtyODwd5HnXOjnkhc4qgn3BrK6RWyGZm5+sIFE7Q7Vz6QQtJB7w7g==",
            "dependencies": {
                "@types/node": "*"
            }
        },
        "node_modules/@types/node": {
            "version": "18.11.18",
            "resolved": "https://registry.npmjs.org/@types/node/-/node-18.11.18.tgz",
            "integrity": "sha512-DHQpWGjyQKSHj3ebjFI/wRKcqQcdR+MoFBygntYOZytCqNfkd2ZC4ARDJ2DQqhjH5p85Nnd3jhUJIXrszFX/JA=="
        },
        "node_modules/amdefine": {
            "version": "1.0.1",
            "resolved": "https://registry.npmjs.org/amdefine/-/amdefine-1.0.1.tgz",
            "integrity": "sha512-S2Hw0TtNkMJhIabBwIojKL9YHO5T0n5eNqWJ7Lrlel/zDbftQpxpapi8tZs3X1HWa+u+QeydGmzzNU0m09+Rcg==",
            "dev": true,
            "optional": true,
            "engines": {
                "node": ">=0.4.2"
            }
        },
        "node_modules/base-x": {
            "version": "4.0.0",
            "resolved": "https://registry.npmjs.org/base-x/-/base-x-4.0.0.tgz",
            "integrity": "sha512-FuwxlW4H5kh37X/oW59pwTzzTKRzfrrQwhmyspRM7swOEZcHtDZSCt45U6oKgtuFE+WYPblePMVIPR4RZrh/hw=="
        },
        "node_modules/c32check": {
            "version": "2.0.0",
            "resolved": "https://registry.npmjs.org/c32check/-/c32check-2.0.0.tgz",
            "integrity": "sha512-rpwfAcS/CMqo0oCqDf3r9eeLgScRE3l/xHDCXhM3UyrfvIn7PrLq63uHh7yYbv8NzaZn5MVsVhIRpQ+5GZ5HyA==",
            "dependencies": {
                "@noble/hashes": "^1.1.2",
                "base-x": "^4.0.0"
            },
            "engines": {
                "node": ">=8"
            }
        },
        "node_modules/cjson": {
            "version": "0.3.0",
            "resolved": "https://registry.npmjs.org/cjson/-/cjson-0.3.0.tgz",
            "integrity": "sha512-bBRQcCIHzI1IVH59fR0bwGrFmi3Btb/JNwM/n401i1DnYgWndpsUBiQRAddLflkZage20A2d25OAWZZk0vBRlA==",
            "dev": true,
            "dependencies": {
                "jsonlint": "1.6.0"
            },
            "engines": {
                "node": ">= 0.3.0"
            }
        },
        "node_modules/colors": {
            "version": "0.5.1",
            "resolved": "https://registry.npmjs.org/colors/-/colors-0.5.1.tgz",
            "integrity": "sha512-XjsuUwpDeY98+yz959OlUK6m7mLBM+1MEG5oaenfuQnNnrQk1WvtcvFgN3FNDP3f2NmZ211t0mNEfSEN1h0eIg==",
            "dev": true,
            "engines": {
                "node": ">=0.1.90"
            }
        },
        "node_modules/cross-fetch": {
            "version": "3.1.5",
            "resolved": "https://registry.npmjs.org/cross-fetch/-/cross-fetch-3.1.5.tgz",
            "integrity": "sha512-lvb1SBsI0Z7GDwmuid+mU3kWVBwTVUbe7S0H52yaaAdQOXq2YktTCZdlAcNKFzE6QtRz0snpw9bNiPeOIkkQvw==",
            "dependencies": {
                "node-fetch": "2.6.7"
            }
        },
        "node_modules/ebnf-parser": {
            "version": "0.1.10",
            "resolved": "https://registry.npmjs.org/ebnf-parser/-/ebnf-parser-0.1.10.tgz",
            "integrity": "sha512-urvSxVQ6XJcoTpc+/x2pWhhuOX4aljCNQpwzw+ifZvV1andZkAmiJc3Rq1oGEAQmcjiLceyMXOy1l8ms8qs2fQ==",
            "dev": true
        },
        "node_modules/escodegen": {
            "version": "1.3.3",
            "resolved": "https://registry.npmjs.org/escodegen/-/escodegen-1.3.3.tgz",
            "integrity": "sha512-z9FWgKc48wjMlpzF5ymKS1AF8OIgnKLp9VyN7KbdtyrP/9lndwUFqCtMm+TAJmJf7KJFFYc4cFJfVTTGkKEwsA==",
            "dev": true,
            "dependencies": {
                "esprima": "~1.1.1",
                "estraverse": "~1.5.0",
                "esutils": "~1.0.0"
            },
            "bin": {
                "escodegen": "bin/escodegen.js",
                "esgenerate": "bin/esgenerate.js"
            },
            "engines": {
                "node": ">=0.10.0"
            },
            "optionalDependencies": {
                "source-map": "~0.1.33"
            }
        },
        "node_modules/esprima": {
            "version": "1.1.1",
            "resolved": "https://registry.npmjs.org/esprima/-/esprima-1.1.1.tgz",
            "integrity": "sha512-qxxB994/7NtERxgXdFgLHIs9M6bhLXc6qtUmWZ3L8+gTQ9qaoyki2887P2IqAYsoENyr8SUbTutStDniOHSDHg==",
            "dev": true,
            "bin": {
                "esparse": "bin/esparse.js",
                "esvalidate": "bin/esvalidate.js"
            },
            "engines": {
                "node": ">=0.4.0"
            }
        },
        "node_modules/estraverse": {
            "version": "1.5.1",
            "resolved": "https://registry.npmjs.org/estraverse/-/estraverse-1.5.1.tgz",
            "integrity": "sha512-FpCjJDfmo3vsc/1zKSeqR5k42tcIhxFIlvq+h9j0fO2q/h2uLKyweq7rYJ+0CoVvrGQOxIS5wyBrW/+vF58BUQ==",
            "dev": true,
            "engines": {
                "node": ">=0.4.0"
            }
        },
        "node_modules/esutils": {
            "version": "1.0.0",
            "resolved": "https://registry.npmjs.org/esutils/-/esutils-1.0.0.tgz",
            "integrity": "sha512-x/iYH53X3quDwfHRz4y8rn4XcEwwCJeWsul9pF1zldMbGtgOtMNBEOuYWwB1EQlK2LRa1fev3YAgym/RElp5Cg==",
            "dev": true,
            "engines": {
                "node": ">=0.10.0"
            }
        },
        "node_modules/jison": {
            "version": "0.4.18",
            "resolved": "https://registry.npmjs.org/jison/-/jison-0.4.18.tgz",
            "integrity": "sha512-FKkCiJvozgC7VTHhMJ00a0/IApSxhlGsFIshLW6trWJ8ONX2TQJBBz6DlcO1Gffy4w9LT+uL+PA+CVnUSJMF7w==",
            "dev": true,
            "dependencies": {
                "cjson": "0.3.0",
                "ebnf-parser": "0.1.10",
                "escodegen": "1.3.x",
                "esprima": "1.1.x",
                "jison-lex": "0.3.x",
                "JSONSelect": "0.4.0",
                "lex-parser": "~0.1.3",
                "nomnom": "1.5.2"
            },
            "bin": {
                "jison": "lib/cli.js"
            },
            "engines": {
                "node": ">=0.4"
            }
        },
        "node_modules/jison-lex": {
            "version": "0.3.4",
            "resolved": "https://registry.npmjs.org/jison-lex/-/jison-lex-0.3.4.tgz",
            "integrity": "sha512-EBh5wrXhls1cUwROd5DcDHR1sG7CdsCFSqY1027+YA1RGxz+BX2TDLAhdsQf40YEtFDGoiO0Qm8PpnBl2EzDJw==",
            "dev": true,
            "dependencies": {
                "lex-parser": "0.1.x",
                "nomnom": "1.5.2"
            },
            "bin": {
                "jison-lex": "cli.js"
            },
            "engines": {
                "node": ">=0.4"
            }
        },
        "node_modules/jsonlint": {
            "version": "1.6.0",
            "resolved": "https://registry.npmjs.org/jsonlint/-/jsonlint-1.6.0.tgz",
            "integrity": "sha512-x6YLBe6NjdpmIeiklwQOxsZuYj/SOWkT33GlTpaG1UdFGjdWjPcxJ1CWZAX3wA7tarz8E2YHF6KiW5HTapPlXw==",
            "dev": true,
            "dependencies": {
                "JSV": ">= 4.0.x",
                "nomnom": ">= 1.5.x"
            },
            "bin": {
                "jsonlint": "lib/cli.js"
            },
            "engines": {
                "node": ">= 0.6"
            }
        },
        "node_modules/JSONSelect": {
            "version": "0.4.0",
            "resolved": "https://registry.npmjs.org/JSONSelect/-/JSONSelect-0.4.0.tgz",
            "integrity": "sha512-VRLR3Su35MH+XV2lrvh9O7qWoug/TUyj9tLDjn9rtpUCNnILLrHjgd/tB0KrhugCxUpj3UqoLqfYb3fLJdIQQQ==",
            "dev": true,
            "engines": {
                "node": ">=0.4.7"
            }
        },
        "node_modules/JSV": {
            "version": "4.0.2",
            "resolved": "https://registry.npmjs.org/JSV/-/JSV-4.0.2.tgz",
            "integrity": "sha512-ZJ6wx9xaKJ3yFUhq5/sk82PJMuUyLk277I8mQeyDgCTjGdjWJIvPfaU5LIXaMuaN2UO1X3kZH4+lgphublZUHw==",
            "dev": true,
            "engines": {
                "node": "*"
            }
        },
        "node_modules/lex-parser": {
            "version": "0.1.4",
            "resolved": "https://registry.npmjs.org/lex-parser/-/lex-parser-0.1.4.tgz",
            "integrity": "sha512-DuAEISsr1H4LOpmFLkyMc8YStiRWZCO8hMsoXAXSbgyfvs2WQhSt0+/FBv3ZU/JBFZMGcE+FWzEBSzwUU7U27w==",
            "dev": true
        },
        "node_modules/lodash.clonedeep": {
            "version": "4.5.0",
            "resolved": "https://registry.npmjs.org/lodash.clonedeep/-/lodash.clonedeep-4.5.0.tgz",
            "integrity": "sha512-H5ZhCF25riFd9uB5UCkVKo61m3S/xZk1x4wA6yp/L3RFP6Z/eHH1ymQcGLo7J3GMPfm0V/7m1tryHuGVxpqEBQ=="
        },
        "node_modules/node-fetch": {
            "version": "2.6.7",
            "resolved": "https://registry.npmjs.org/node-fetch/-/node-fetch-2.6.7.tgz",
            "integrity": "sha512-ZjMPFEfVx5j+y2yF35Kzx5sF7kDzxuDj6ziH4FFbOp87zKDZNx8yExJIb05OGF4Nlt9IHFIMBkRl41VdvcNdbQ==",
            "dependencies": {
                "whatwg-url": "^5.0.0"
            },
            "engines": {
                "node": "4.x || >=6.0.0"
            },
            "peerDependencies": {
                "encoding": "^0.1.0"
            },
            "peerDependenciesMeta": {
                "encoding": {
                    "optional": true
                }
            }
        },
        "node_modules/nomnom": {
            "version": "1.5.2",
            "resolved": "https://registry.npmjs.org/nomnom/-/nomnom-1.5.2.tgz",
            "integrity": "sha512-fiVbT7BqxiQqjlR9U3FDGOSERFCKoXVCdxV2FwZuNN7/cmJ42iQx35nUFOAFDcyvemu9Adp+IlsCGlKQYLmBKw==",
            "deprecated": "Package no longer supported. Contact support@npmjs.com for more info.",
            "dev": true,
            "dependencies": {
                "colors": "0.5.x",
                "underscore": "1.1.x"
            },
            "engines": {
                "node": "*"
            }
        },
        "node_modules/source-map": {
            "version": "0.1.43",
            "resolved": "https://registry.npmjs.org/source-map/-/source-map-0.1.43.tgz",
            "integrity": "sha512-VtCvB9SIQhk3aF6h+N85EaqIaBFIAfZ9Cu+NJHHVvc8BbEcnvDcFw6sqQ2dQrT6SlOrZq3tIvyD9+EGq/lJryQ==",
            "dev": true,
            "optional": true,
            "dependencies": {
                "amdefine": ">=0.0.4"
            },
            "engines": {
                "node": ">=0.8.0"
            }
        },
        "node_modules/tr46": {
            "version": "0.0.3",
            "resolved": "https://registry.npmjs.org/tr46/-/tr46-0.0.3.tgz",
            "integrity": "sha512-N3WMsuqV66lT30CrXNbEjx4GEwlow3v6rr4mCcv6prnfwhS01rkgyFdjPNBYd9br7LpXV1+Emh01fHnq2Gdgrw=="
        },
        "node_modules/underscore": {
            "version": "1.1.7",
            "resolved": "https://registry.npmjs.org/underscore/-/underscore-1.1.7.tgz",
            "integrity": "sha512-w4QtCHoLBXw1mjofIDoMyexaEdWGMedWNDhlWTtT1V1lCRqi65Pnoygkh6+WRdr+Bm8ldkBNkNeCsXGMlQS9HQ==",
            "dev": true,
            "engines": {
                "node": "*"
            }
        },
        "node_modules/webidl-conversions": {
            "version": "3.0.1",
            "resolved": "https://registry.npmjs.org/webidl-conversions/-/webidl-conversions-3.0.1.tgz",
            "integrity": "sha512-2JAn3z8AR6rjK8Sm8orRC0h/bcl/DqL7tRPdGZ4I1CjdF+EaMLmYxBHyXuKL849eucPFhvBoxMsflfOb8kxaeQ=="
        },
        "node_modules/whatwg-url": {
            "version": "5.0.0",
            "resolved": "https://registry.npmjs.org/whatwg-url/-/whatwg-url-5.0.0.tgz",
            "integrity": "sha512-saE57nupxk6v3HY35+jzBwYa0rKSy0XR8JSxZPwgLr7ys0IBzhGviA1/TUGJLmSVqs8pb9AnvICXEuOHLprYTw==",
            "dependencies": {
                "tr46": "~0.0.3",
                "webidl-conversions": "^3.0.0"
            }
        }
    },
    "dependencies": {
        "@noble/hashes": {
            "version": "1.1.5",
            "resolved": "https://registry.npmjs.org/@noble/hashes/-/hashes-1.1.5.tgz",
            "integrity": "sha512-LTMZiiLc+V4v1Yi16TD6aX2gmtKszNye0pQgbaLqkvhIqP7nVsSaJsWloGQjJfJ8offaoP5GtX3yY5swbcJxxQ=="
        },
        "@noble/secp256k1": {
            "version": "1.7.1",
            "resolved": "https://registry.npmjs.org/@noble/secp256k1/-/secp256k1-1.7.1.tgz",
            "integrity": "sha512-hOUk6AyBFmqVrv7k5WAw/LpszxVbj9gGN4JRkIX52fdFAj1UA61KXmZDvqVEm+pOyec3+fIeZB02LYa/pWOArw=="
        },
        "@stacks/common": {
            "version": "6.0.0",
            "resolved": "https://registry.npmjs.org/@stacks/common/-/common-6.0.0.tgz",
            "integrity": "sha512-tETwccvbYvaZ7u3ZucWNMOIPN97r6IPeZXKIFhLc1KSVaWSGEPTtZcwVp+Rz3mu2XgI2pg37SUrOWXSL7OOkDw==",
            "requires": {
                "@types/bn.js": "^5.1.0",
                "@types/node": "^18.0.4"
            }
        },
        "@stacks/network": {
            "version": "6.1.1",
            "resolved": "https://registry.npmjs.org/@stacks/network/-/network-6.1.1.tgz",
            "integrity": "sha512-FXOujmszG/NkYKDVDRmPLmfSQJvcSfvucXLOq6SkkTOohxFgQrT7cgAydmEwBWDiEoPsuYPlE0grppcUYIO8rQ==",
            "requires": {
                "@stacks/common": "^6.0.0",
                "cross-fetch": "^3.1.5"
            }
        },
        "@stacks/transactions": {
            "version": "6.1.1",
            "resolved": "https://registry.npmjs.org/@stacks/transactions/-/transactions-6.1.1.tgz",
            "integrity": "sha512-RyM4Y+UWXpz/seMa9B6MDqpneW+PFdcHIeF36p8X+N1b5yBJardg6LdI7VWn5KG4hKofYttwaVTIjotKYGRIRw==",
            "requires": {
                "@noble/hashes": "1.1.5",
                "@noble/secp256k1": "1.7.1",
                "@stacks/common": "^6.0.0",
                "@stacks/network": "^6.1.1",
                "c32check": "^2.0.0",
                "lodash.clonedeep": "^4.5.0"
            }
        },
        "@types/bn.js": {
            "version": "5.1.1",
            "resolved": "https://registry.npmjs.org/@types/bn.js/-/bn.js-5.1.1.tgz",
            "integrity": "sha512-qNrYbZqMx0uJAfKnKclPh+dTwK33KfLHYqtyODwd5HnXOjnkhc4qgn3BrK6RWyGZm5+sIFE7Q7Vz6QQtJB7w7g==",
            "requires": {
                "@types/node": "*"
            }
        },
        "@types/node": {
            "version": "18.11.18",
            "resolved": "https://registry.npmjs.org/@types/node/-/node-18.11.18.tgz",
            "integrity": "sha512-DHQpWGjyQKSHj3ebjFI/wRKcqQcdR+MoFBygntYOZytCqNfkd2ZC4ARDJ2DQqhjH5p85Nnd3jhUJIXrszFX/JA=="
        },
        "amdefine": {
            "version": "1.0.1",
            "resolved": "https://registry.npmjs.org/amdefine/-/amdefine-1.0.1.tgz",
            "integrity": "sha512-S2Hw0TtNkMJhIabBwIojKL9YHO5T0n5eNqWJ7Lrlel/zDbftQpxpapi8tZs3X1HWa+u+QeydGmzzNU0m09+Rcg==",
            "dev": true,
            "optional": true
        },
        "base-x": {
            "version": "4.0.0",
            "resolved": "https://registry.npmjs.org/base-x/-/base-x-4.0.0.tgz",
            "integrity": "sha512-FuwxlW4H5kh37X/oW59pwTzzTKRzfrrQwhmyspRM7swOEZcHtDZSCt45U6oKgtuFE+WYPblePMVIPR4RZrh/hw=="
        },
        "c32check": {
            "version": "2.0.0",
            "resolved": "https://registry.npmjs.org/c32check/-/c32check-2.0.0.tgz",
            "integrity": "sha512-rpwfAcS/CMqo0oCqDf3r9eeLgScRE3l/xHDCXhM3UyrfvIn7PrLq63uHh7yYbv8NzaZn5MVsVhIRpQ+5GZ5HyA==",
            "requires": {
                "@noble/hashes": "^1.1.2",
                "base-x": "^4.0.0"
            }
        },
        "cjson": {
            "version": "0.3.0",
            "resolved": "https://registry.npmjs.org/cjson/-/cjson-0.3.0.tgz",
            "integrity": "sha512-bBRQcCIHzI1IVH59fR0bwGrFmi3Btb/JNwM/n401i1DnYgWndpsUBiQRAddLflkZage20A2d25OAWZZk0vBRlA==",
            "dev": true,
            "requires": {
                "jsonlint": "1.6.0"
            }
        },
        "colors": {
            "version": "0.5.1",
            "resolved": "https://registry.npmjs.org/colors/-/colors-0.5.1.tgz",
            "integrity": "sha512-XjsuUwpDeY98+yz959OlUK6m7mLBM+1MEG5oaenfuQnNnrQk1WvtcvFgN3FNDP3f2NmZ211t0mNEfSEN1h0eIg==",
            "dev": true
        },
        "cross-fetch": {
            "version": "3.1.5",
            "resolved": "https://registry.npmjs.org/cross-fetch/-/cross-fetch-3.1.5.tgz",
            "integrity": "sha512-lvb1SBsI0Z7GDwmuid+mU3kWVBwTVUbe7S0H52yaaAdQOXq2YktTCZdlAcNKFzE6QtRz0snpw9bNiPeOIkkQvw==",
            "requires": {
                "node-fetch": "2.6.7"
            }
        },
        "ebnf-parser": {
            "version": "0.1.10",
            "resolved": "https://registry.npmjs.org/ebnf-parser/-/ebnf-parser-0.1.10.tgz",
            "integrity": "sha512-urvSxVQ6XJcoTpc+/x2pWhhuOX4aljCNQpwzw+ifZvV1andZkAmiJc3Rq1oGEAQmcjiLceyMXOy1l8ms8qs2fQ==",
            "dev": true
        },
        "escodegen": {
            "version": "1.3.3",
            "resolved": "https://registry.npmjs.org/escodegen/-/escodegen-1.3.3.tgz",
            "integrity": "sha512-z9FWgKc48wjMlpzF5ymKS1AF8OIgnKLp9VyN7KbdtyrP/9lndwUFqCtMm+TAJmJf7KJFFYc4cFJfVTTGkKEwsA==",
            "dev": true,
            "requires": {
                "esprima": "~1.1.1",
                "estraverse": "~1.5.0",
                "esutils": "~1.0.0",
                "source-map": "~0.1.33"
            }
        },
        "esprima": {
            "version": "1.1.1",
            "resolved": "https://registry.npmjs.org/esprima/-/esprima-1.1.1.tgz",
            "integrity": "sha512-qxxB994/7NtERxgXdFgLHIs9M6bhLXc6qtUmWZ3L8+gTQ9qaoyki2887P2IqAYsoENyr8SUbTutStDniOHSDHg==",
            "dev": true
        },
        "estraverse": {
            "version": "1.5.1",
            "resolved": "https://registry.npmjs.org/estraverse/-/estraverse-1.5.1.tgz",
            "integrity": "sha512-FpCjJDfmo3vsc/1zKSeqR5k42tcIhxFIlvq+h9j0fO2q/h2uLKyweq7rYJ+0CoVvrGQOxIS5wyBrW/+vF58BUQ==",
            "dev": true
        },
        "esutils": {
            "version": "1.0.0",
            "resolved": "https://registry.npmjs.org/esutils/-/esutils-1.0.0.tgz",
            "integrity": "sha512-x/iYH53X3quDwfHRz4y8rn4XcEwwCJeWsul9pF1zldMbGtgOtMNBEOuYWwB1EQlK2LRa1fev3YAgym/RElp5Cg==",
            "dev": true
        },
        "jison": {
            "version": "0.4.18",
            "resolved": "https://registry.npmjs.org/jison/-/jison-0.4.18.tgz",
            "integrity": "sha512-FKkCiJvozgC7VTHhMJ00a0/IApSxhlGsFIshLW6trWJ8ONX2TQJBBz6DlcO1Gffy4w9LT+uL+PA+CVnUSJMF7w==",
            "dev": true,
            "requires": {
                "cjson": "0.3.0",
                "ebnf-parser": "0.1.10",
                "escodegen": "1.3.x",
                "esprima": "1.1.x",
                "jison-lex": "0.3.x",
                "JSONSelect": "0.4.0",
                "lex-parser": "~0.1.3",
                "nomnom": "1.5.2"
            }
        },
        "jison-lex": {
            "version": "0.3.4",
            "resolved": "https://registry.npmjs.org/jison-lex/-/jison-lex-0.3.4.tgz",
            "integrity": "sha512-EBh5wrXhls1cUwROd5DcDHR1sG7CdsCFSqY1027+YA1RGxz+BX2TDLAhdsQf40YEtFDGoiO0Qm8PpnBl2EzDJw==",
            "dev": true,
            "requires": {
                "lex-parser": "0.1.x",
                "nomnom": "1.5.2"
            }
        },
        "jsonlint": {
            "version": "1.6.0",
            "resolved": "https://registry.npmjs.org/jsonlint/-/jsonlint-1.6.0.tgz",
            "integrity": "sha512-x6YLBe6NjdpmIeiklwQOxsZuYj/SOWkT33GlTpaG1UdFGjdWjPcxJ1CWZAX3wA7tarz8E2YHF6KiW5HTapPlXw==",
            "dev": true,
            "requires": {
                "JSV": ">= 4.0.x",
                "nomnom": ">= 1.5.x"
            }
        },
        "JSONSelect": {
            "version": "0.4.0",
            "resolved": "https://registry.npmjs.org/JSONSelect/-/JSONSelect-0.4.0.tgz",
            "integrity": "sha512-VRLR3Su35MH+XV2lrvh9O7qWoug/TUyj9tLDjn9rtpUCNnILLrHjgd/tB0KrhugCxUpj3UqoLqfYb3fLJdIQQQ==",
            "dev": true
        },
        "JSV": {
            "version": "4.0.2",
            "resolved": "https://registry.npmjs.org/JSV/-/JSV-4.0.2.tgz",
            "integrity": "sha512-ZJ6wx9xaKJ3yFUhq5/sk82PJMuUyLk277I8mQeyDgCTjGdjWJIvPfaU5LIXaMuaN2UO1X3kZH4+lgphublZUHw==",
            "dev": true
        },
        "lex-parser": {
            "version": "0.1.4",
            "resolved": "https://registry.npmjs.org/lex-parser/-/lex-parser-0.1.4.tgz",
            "integrity": "sha512-DuAEISsr1H4LOpmFLkyMc8YStiRWZCO8hMsoXAXSbgyfvs2WQhSt0+/FBv3ZU/JBFZMGcE+FWzEBSzwUU7U27w==",
            "dev": true
        },
        "lodash.clonedeep": {
            "version": "4.5.0",
            "resolved": "https://registry.npmjs.org/lodash.clonedeep/-/lodash.clonedeep-4.5.0.tgz",
            "integrity": "sha512-H5ZhCF25riFd9uB5UCkVKo61m3S/xZk1x4wA6yp/L3RFP6Z/eHH1ymQcGLo7J3GMPfm0V/7m1tryHuGVxpqEBQ=="
        },
        "node-fetch": {
            "version": "2.6.7",
            "resolved": "https://registry.npmjs.org/node-fetch/-/node-fetch-2.6.7.tgz",
            "integrity": "sha512-ZjMPFEfVx5j+y2yF35Kzx5sF7kDzxuDj6ziH4FFbOp87zKDZNx8yExJIb05OGF4Nlt9IHFIMBkRl41VdvcNdbQ==",
            "requires": {
                "whatwg-url": "^5.0.0"
            }
        },
        "nomnom": {
            "version": "1.5.2",
            "resolved": "https://registry.npmjs.org/nomnom/-/nomnom-1.5.2.tgz",
            "integrity": "sha512-fiVbT7BqxiQqjlR9U3FDGOSERFCKoXVCdxV2FwZuNN7/cmJ42iQx35nUFOAFDcyvemu9Adp+IlsCGlKQYLmBKw==",
            "dev": true,
            "requires": {
                "colors": "0.5.x",
                "underscore": "1.1.x"
            }
        },
        "source-map": {
            "version": "0.1.43",
            "resolved": "https://registry.npmjs.org/source-map/-/source-map-0.1.43.tgz",
            "integrity": "sha512-VtCvB9SIQhk3aF6h+N85EaqIaBFIAfZ9Cu+NJHHVvc8BbEcnvDcFw6sqQ2dQrT6SlOrZq3tIvyD9+EGq/lJryQ==",
            "dev": true,
            "optional": true,
            "requires": {
                "amdefine": ">=0.0.4"
            }
        },
        "tr46": {
            "version": "0.0.3",
            "resolved": "https://registry.npmjs.org/tr46/-/tr46-0.0.3.tgz",
            "integrity": "sha512-N3WMsuqV66lT30CrXNbEjx4GEwlow3v6rr4mCcv6prnfwhS01rkgyFdjPNBYd9br7LpXV1+Emh01fHnq2Gdgrw=="
        },
        "underscore": {
            "version": "1.1.7",
            "resolved": "https://registry.npmjs.org/underscore/-/underscore-1.1.7.tgz",
            "integrity": "sha512-w4QtCHoLBXw1mjofIDoMyexaEdWGMedWNDhlWTtT1V1lCRqi65Pnoygkh6+WRdr+Bm8ldkBNkNeCsXGMlQS9HQ==",
            "dev": true
        },
        "webidl-conversions": {
            "version": "3.0.1",
            "resolved": "https://registry.npmjs.org/webidl-conversions/-/webidl-conversions-3.0.1.tgz",
            "integrity": "sha512-2JAn3z8AR6rjK8Sm8orRC0h/bcl/DqL7tRPdGZ4I1CjdF+EaMLmYxBHyXuKL849eucPFhvBoxMsflfOb8kxaeQ=="
        },
        "whatwg-url": {
            "version": "5.0.0",
            "resolved": "https://registry.npmjs.org/whatwg-url/-/whatwg-url-5.0.0.tgz",
            "integrity": "sha512-saE57nupxk6v3HY35+jzBwYa0rKSy0XR8JSxZPwgLr7ys0IBzhGviA1/TUGJLmSVqs8pb9AnvICXEuOHLprYTw==",
            "requires": {
                "tr46": "~0.0.3",
                "webidl-conversions": "^3.0.0"
            }
        }
    }
}
